// !$*UTF8*$!
{
	archiveVersion = 1;
	classes = {
	};
	objectVersion = 55;
	objects = {

/* Begin PBXBuildFile section */
		0B7DC36E28CFF29100685D59 /* CustomizableGenericButton.xib in Resources */ = {isa = PBXBuildFile; fileRef = 0B7DC36D28CFF29100685D59 /* CustomizableGenericButton.xib */; };
		0B97BE8F28CFCE2300106C58 /* CustomizableGenericButton.docc in Sources */ = {isa = PBXBuildFile; fileRef = 0B97BE8E28CFCE2300106C58 /* CustomizableGenericButton.docc */; };
		0B97BE9528CFCE2300106C58 /* CustomizableGenericButton.framework in Frameworks */ = {isa = PBXBuildFile; fileRef = 0B97BE8A28CFCE2300106C58 /* CustomizableGenericButton.framework */; };
		0B97BE9A28CFCE2300106C58 /* CustomizableGenericButtonTests.swift in Sources */ = {isa = PBXBuildFile; fileRef = 0B97BE9928CFCE2300106C58 /* CustomizableGenericButtonTests.swift */; };
		0B97BE9B28CFCE2300106C58 /* CustomizableGenericButton.h in Headers */ = {isa = PBXBuildFile; fileRef = 0B97BE8D28CFCE2300106C58 /* CustomizableGenericButton.h */; settings = {ATTRIBUTES = (Public, ); }; };
		0B97BEAB28CFCF4700106C58 /* QuickLook.framework in Frameworks */ = {isa = PBXBuildFile; fileRef = 0B97BEAA28CFCF4700106C58 /* QuickLook.framework */; };
		0B97BEAE28CFCF4700106C58 /* PreviewViewController.swift in Sources */ = {isa = PBXBuildFile; fileRef = 0B97BEAD28CFCF4700106C58 /* PreviewViewController.swift */; };
		0B97BEB028CFCF4700106C58 /* PreviewProvider.swift in Sources */ = {isa = PBXBuildFile; fileRef = 0B97BEAF28CFCF4700106C58 /* PreviewProvider.swift */; };
		0B97BEB328CFCF4700106C58 /* MainInterface.storyboard in Resources */ = {isa = PBXBuildFile; fileRef = 0B97BEB128CFCF4700106C58 /* MainInterface.storyboard */; };
		0B97BEB928CFD1C600106C58 /* CustomizableGenericButton.swift in Sources */ = {isa = PBXBuildFile; fileRef = 0B97BEB828CFD1C600106C58 /* CustomizableGenericButton.swift */; };
/* End PBXBuildFile section */

/* Begin PBXContainerItemProxy section */
		0B97BE9628CFCE2300106C58 /* PBXContainerItemProxy */ = {
			isa = PBXContainerItemProxy;
			containerPortal = 0B97BE8128CFCE2300106C58 /* Project object */;
			proxyType = 1;
			remoteGlobalIDString = 0B97BE8928CFCE2300106C58;
			remoteInfo = CustomizableGenericButton;
		};
/* End PBXContainerItemProxy section */

/* Begin PBXFileReference section */
		0B7DC36D28CFF29100685D59 /* CustomizableGenericButton.xib */ = {isa = PBXFileReference; lastKnownFileType = file.xib; path = CustomizableGenericButton.xib; sourceTree = "<group>"; };
		0B97BE8A28CFCE2300106C58 /* CustomizableGenericButton.framework */ = {isa = PBXFileReference; explicitFileType = wrapper.framework; includeInIndex = 0; path = CustomizableGenericButton.framework; sourceTree = BUILT_PRODUCTS_DIR; };
		0B97BE8D28CFCE2300106C58 /* CustomizableGenericButton.h */ = {isa = PBXFileReference; lastKnownFileType = sourcecode.c.h; path = CustomizableGenericButton.h; sourceTree = "<group>"; };
		0B97BE8E28CFCE2300106C58 /* CustomizableGenericButton.docc */ = {isa = PBXFileReference; lastKnownFileType = folder.documentationcatalog; path = CustomizableGenericButton.docc; sourceTree = "<group>"; };
		0B97BE9428CFCE2300106C58 /* CustomizableGenericButtonTests.xctest */ = {isa = PBXFileReference; explicitFileType = wrapper.cfbundle; includeInIndex = 0; path = CustomizableGenericButtonTests.xctest; sourceTree = BUILT_PRODUCTS_DIR; };
		0B97BE9928CFCE2300106C58 /* CustomizableGenericButtonTests.swift */ = {isa = PBXFileReference; lastKnownFileType = sourcecode.swift; path = CustomizableGenericButtonTests.swift; sourceTree = "<group>"; };
		0B97BEA828CFCF4700106C58 /* CustomizableGenericButtonExample.appex */ = {isa = PBXFileReference; explicitFileType = "wrapper.app-extension"; includeInIndex = 0; path = CustomizableGenericButtonExample.appex; sourceTree = BUILT_PRODUCTS_DIR; };
		0B97BEAA28CFCF4700106C58 /* QuickLook.framework */ = {isa = PBXFileReference; lastKnownFileType = wrapper.framework; name = QuickLook.framework; path = System/Library/Frameworks/QuickLook.framework; sourceTree = SDKROOT; };
		0B97BEAD28CFCF4700106C58 /* PreviewViewController.swift */ = {isa = PBXFileReference; lastKnownFileType = sourcecode.swift; path = PreviewViewController.swift; sourceTree = "<group>"; };
		0B97BEAF28CFCF4700106C58 /* PreviewProvider.swift */ = {isa = PBXFileReference; lastKnownFileType = sourcecode.swift; path = PreviewProvider.swift; sourceTree = "<group>"; };
		0B97BEB228CFCF4700106C58 /* Base */ = {isa = PBXFileReference; lastKnownFileType = file.storyboard; name = Base; path = Base.lproj/MainInterface.storyboard; sourceTree = "<group>"; };
		0B97BEB428CFCF4700106C58 /* Info.plist */ = {isa = PBXFileReference; lastKnownFileType = text.plist.xml; path = Info.plist; sourceTree = "<group>"; };
		0B97BEB828CFD1C600106C58 /* CustomizableGenericButton.swift */ = {isa = PBXFileReference; lastKnownFileType = sourcecode.swift; path = CustomizableGenericButton.swift; sourceTree = "<group>"; };
/* End PBXFileReference section */

/* Begin PBXFrameworksBuildPhase section */
		0B97BE8728CFCE2300106C58 /* Frameworks */ = {
			isa = PBXFrameworksBuildPhase;
			buildActionMask = 2147483647;
			files = (
			);
			runOnlyForDeploymentPostprocessing = 0;
		};
		0B97BE9128CFCE2300106C58 /* Frameworks */ = {
			isa = PBXFrameworksBuildPhase;
			buildActionMask = 2147483647;
			files = (
				0B97BE9528CFCE2300106C58 /* CustomizableGenericButton.framework in Frameworks */,
			);
			runOnlyForDeploymentPostprocessing = 0;
		};
		0B97BEA528CFCF4700106C58 /* Frameworks */ = {
			isa = PBXFrameworksBuildPhase;
			buildActionMask = 2147483647;
			files = (
				0B97BEAB28CFCF4700106C58 /* QuickLook.framework in Frameworks */,
			);
			runOnlyForDeploymentPostprocessing = 0;
		};
/* End PBXFrameworksBuildPhase section */

/* Begin PBXGroup section */
		0B97BE8028CFCE2300106C58 = {
			isa = PBXGroup;
			children = (
				0B97BE8C28CFCE2300106C58 /* CustomizableGenericButton */,
				0B97BE9828CFCE2300106C58 /* CustomizableGenericButtonTests */,
				0B97BEAC28CFCF4700106C58 /* CustomizableGenericButtonExample */,
				0B97BEA928CFCF4700106C58 /* Frameworks */,
				0B97BE8B28CFCE2300106C58 /* Products */,
			);
			sourceTree = "<group>";
		};
		0B97BE8B28CFCE2300106C58 /* Products */ = {
			isa = PBXGroup;
			children = (
				0B97BE8A28CFCE2300106C58 /* CustomizableGenericButton.framework */,
				0B97BE9428CFCE2300106C58 /* CustomizableGenericButtonTests.xctest */,
				0B97BEA828CFCF4700106C58 /* CustomizableGenericButtonExample.appex */,
			);
			name = Products;
			sourceTree = "<group>";
		};
		0B97BE8C28CFCE2300106C58 /* CustomizableGenericButton */ = {
			isa = PBXGroup;
			children = (
				0B97BE8D28CFCE2300106C58 /* CustomizableGenericButton.h */,
				0B97BE8E28CFCE2300106C58 /* CustomizableGenericButton.docc */,
				0B97BEB828CFD1C600106C58 /* CustomizableGenericButton.swift */,
				0B7DC36D28CFF29100685D59 /* CustomizableGenericButton.xib */,
			);
			path = CustomizableGenericButton;
			sourceTree = "<group>";
		};
		0B97BE9828CFCE2300106C58 /* CustomizableGenericButtonTests */ = {
			isa = PBXGroup;
			children = (
				0B97BE9928CFCE2300106C58 /* CustomizableGenericButtonTests.swift */,
			);
			path = CustomizableGenericButtonTests;
			sourceTree = "<group>";
		};
		0B97BEA928CFCF4700106C58 /* Frameworks */ = {
			isa = PBXGroup;
			children = (
				0B97BEAA28CFCF4700106C58 /* QuickLook.framework */,
			);
			name = Frameworks;
			sourceTree = "<group>";
		};
		0B97BEAC28CFCF4700106C58 /* CustomizableGenericButtonExample */ = {
			isa = PBXGroup;
			children = (
				0B97BEAD28CFCF4700106C58 /* PreviewViewController.swift */,
				0B97BEAF28CFCF4700106C58 /* PreviewProvider.swift */,
				0B97BEB128CFCF4700106C58 /* MainInterface.storyboard */,
				0B97BEB428CFCF4700106C58 /* Info.plist */,
			);
			path = CustomizableGenericButtonExample;
			sourceTree = "<group>";
		};
/* End PBXGroup section */

/* Begin PBXHeadersBuildPhase section */
		0B97BE8528CFCE2300106C58 /* Headers */ = {
			isa = PBXHeadersBuildPhase;
			buildActionMask = 2147483647;
			files = (
				0B97BE9B28CFCE2300106C58 /* CustomizableGenericButton.h in Headers */,
			);
			runOnlyForDeploymentPostprocessing = 0;
		};
/* End PBXHeadersBuildPhase section */

/* Begin PBXNativeTarget section */
		0B97BE8928CFCE2300106C58 /* CustomizableGenericButton */ = {
			isa = PBXNativeTarget;
			buildConfigurationList = 0B97BE9E28CFCE2300106C58 /* Build configuration list for PBXNativeTarget "CustomizableGenericButton" */;
			buildPhases = (
				0B97BE8528CFCE2300106C58 /* Headers */,
				0B97BE8628CFCE2300106C58 /* Sources */,
				0B97BE8728CFCE2300106C58 /* Frameworks */,
				0B97BE8828CFCE2300106C58 /* Resources */,
			);
			buildRules = (
			);
			dependencies = (
			);
			name = CustomizableGenericButton;
			productName = CustomizableGenericButton;
			productReference = 0B97BE8A28CFCE2300106C58 /* CustomizableGenericButton.framework */;
			productType = "com.apple.product-type.framework";
		};
		0B97BE9328CFCE2300106C58 /* CustomizableGenericButtonTests */ = {
			isa = PBXNativeTarget;
			buildConfigurationList = 0B97BEA128CFCE2300106C58 /* Build configuration list for PBXNativeTarget "CustomizableGenericButtonTests" */;
			buildPhases = (
				0B97BE9028CFCE2300106C58 /* Sources */,
				0B97BE9128CFCE2300106C58 /* Frameworks */,
				0B97BE9228CFCE2300106C58 /* Resources */,
			);
			buildRules = (
			);
			dependencies = (
				0B97BE9728CFCE2300106C58 /* PBXTargetDependency */,
			);
			name = CustomizableGenericButtonTests;
			productName = CustomizableGenericButtonTests;
			productReference = 0B97BE9428CFCE2300106C58 /* CustomizableGenericButtonTests.xctest */;
			productType = "com.apple.product-type.bundle.unit-test";
		};
		0B97BEA728CFCF4700106C58 /* CustomizableGenericButtonExample */ = {
			isa = PBXNativeTarget;
			buildConfigurationList = 0B97BEB528CFCF4700106C58 /* Build configuration list for PBXNativeTarget "CustomizableGenericButtonExample" */;
			buildPhases = (
				0B97BEA428CFCF4700106C58 /* Sources */,
				0B97BEA528CFCF4700106C58 /* Frameworks */,
				0B97BEA628CFCF4700106C58 /* Resources */,
			);
			buildRules = (
			);
			dependencies = (
			);
			name = CustomizableGenericButtonExample;
			productName = CustomizableGenericButtonExample;
			productReference = 0B97BEA828CFCF4700106C58 /* CustomizableGenericButtonExample.appex */;
			productType = "com.apple.product-type.app-extension";
		};
/* End PBXNativeTarget section */

/* Begin PBXProject section */
		0B97BE8128CFCE2300106C58 /* Project object */ = {
			isa = PBXProject;
			attributes = {
				BuildIndependentTargetsInParallel = 1;
				LastSwiftUpdateCheck = 1340;
				LastUpgradeCheck = 1340;
				TargetAttributes = {
					0B97BE8928CFCE2300106C58 = {
						CreatedOnToolsVersion = 13.4.1;
					};
					0B97BE9328CFCE2300106C58 = {
						CreatedOnToolsVersion = 13.4.1;
					};
					0B97BEA728CFCF4700106C58 = {
						CreatedOnToolsVersion = 13.4.1;
					};
				};
			};
			buildConfigurationList = 0B97BE8428CFCE2300106C58 /* Build configuration list for PBXProject "CustomizableGenericButton" */;
			compatibilityVersion = "Xcode 13.0";
			developmentRegion = en;
			hasScannedForEncodings = 0;
			knownRegions = (
				en,
				Base,
			);
			mainGroup = 0B97BE8028CFCE2300106C58;
			productRefGroup = 0B97BE8B28CFCE2300106C58 /* Products */;
			projectDirPath = "";
			projectRoot = "";
			targets = (
				0B97BE8928CFCE2300106C58 /* CustomizableGenericButton */,
				0B97BE9328CFCE2300106C58 /* CustomizableGenericButtonTests */,
				0B97BEA728CFCF4700106C58 /* CustomizableGenericButtonExample */,
			);
		};
/* End PBXProject section */

/* Begin PBXResourcesBuildPhase section */
		0B97BE8828CFCE2300106C58 /* Resources */ = {
			isa = PBXResourcesBuildPhase;
			buildActionMask = 2147483647;
			files = (
				0B7DC36E28CFF29100685D59 /* CustomizableGenericButton.xib in Resources */,
			);
			runOnlyForDeploymentPostprocessing = 0;
		};
		0B97BE9228CFCE2300106C58 /* Resources */ = {
			isa = PBXResourcesBuildPhase;
			buildActionMask = 2147483647;
			files = (
			);
			runOnlyForDeploymentPostprocessing = 0;
		};
		0B97BEA628CFCF4700106C58 /* Resources */ = {
			isa = PBXResourcesBuildPhase;
			buildActionMask = 2147483647;
			files = (
				0B97BEB328CFCF4700106C58 /* MainInterface.storyboard in Resources */,
			);
			runOnlyForDeploymentPostprocessing = 0;
		};
/* End PBXResourcesBuildPhase section */

/* Begin PBXSourcesBuildPhase section */
		0B97BE8628CFCE2300106C58 /* Sources */ = {
			isa = PBXSourcesBuildPhase;
			buildActionMask = 2147483647;
			files = (
				0B97BE8F28CFCE2300106C58 /* CustomizableGenericButton.docc in Sources */,
				0B97BEB928CFD1C600106C58 /* CustomizableGenericButton.swift in Sources */,
			);
			runOnlyForDeploymentPostprocessing = 0;
		};
		0B97BE9028CFCE2300106C58 /* Sources */ = {
			isa = PBXSourcesBuildPhase;
			buildActionMask = 2147483647;
			files = (
				0B97BE9A28CFCE2300106C58 /* CustomizableGenericButtonTests.swift in Sources */,
			);
			runOnlyForDeploymentPostprocessing = 0;
		};
		0B97BEA428CFCF4700106C58 /* Sources */ = {
			isa = PBXSourcesBuildPhase;
			buildActionMask = 2147483647;
			files = (
				0B97BEAE28CFCF4700106C58 /* PreviewViewController.swift in Sources */,
				0B97BEB028CFCF4700106C58 /* PreviewProvider.swift in Sources */,
			);
			runOnlyForDeploymentPostprocessing = 0;
		};
/* End PBXSourcesBuildPhase section */

/* Begin PBXTargetDependency section */
		0B97BE9728CFCE2300106C58 /* PBXTargetDependency */ = {
			isa = PBXTargetDependency;
			target = 0B97BE8928CFCE2300106C58 /* CustomizableGenericButton */;
			targetProxy = 0B97BE9628CFCE2300106C58 /* PBXContainerItemProxy */;
		};
/* End PBXTargetDependency section */

/* Begin PBXVariantGroup section */
		0B97BEB128CFCF4700106C58 /* MainInterface.storyboard */ = {
			isa = PBXVariantGroup;
			children = (
				0B97BEB228CFCF4700106C58 /* Base */,
			);
			name = MainInterface.storyboard;
			sourceTree = "<group>";
		};
/* End PBXVariantGroup section */

/* Begin XCBuildConfiguration section */
		0B97BE9C28CFCE2300106C58 /* Debug */ = {
			isa = XCBuildConfiguration;
			buildSettings = {
				ALWAYS_SEARCH_USER_PATHS = NO;
				CLANG_ANALYZER_NONNULL = YES;
				CLANG_ANALYZER_NUMBER_OBJECT_CONVERSION = YES_AGGRESSIVE;
				CLANG_CXX_LANGUAGE_STANDARD = "gnu++17";
				CLANG_ENABLE_MODULES = YES;
				CLANG_ENABLE_OBJC_ARC = YES;
				CLANG_ENABLE_OBJC_WEAK = YES;
				CLANG_WARN_BLOCK_CAPTURE_AUTORELEASING = YES;
				CLANG_WARN_BOOL_CONVERSION = YES;
				CLANG_WARN_COMMA = YES;
				CLANG_WARN_CONSTANT_CONVERSION = YES;
				CLANG_WARN_DEPRECATED_OBJC_IMPLEMENTATIONS = YES;
				CLANG_WARN_DIRECT_OBJC_ISA_USAGE = YES_ERROR;
				CLANG_WARN_DOCUMENTATION_COMMENTS = YES;
				CLANG_WARN_EMPTY_BODY = YES;
				CLANG_WARN_ENUM_CONVERSION = YES;
				CLANG_WARN_INFINITE_RECURSION = YES;
				CLANG_WARN_INT_CONVERSION = YES;
				CLANG_WARN_NON_LITERAL_NULL_CONVERSION = YES;
				CLANG_WARN_OBJC_IMPLICIT_RETAIN_SELF = YES;
				CLANG_WARN_OBJC_LITERAL_CONVERSION = YES;
				CLANG_WARN_OBJC_ROOT_CLASS = YES_ERROR;
				CLANG_WARN_QUOTED_INCLUDE_IN_FRAMEWORK_HEADER = YES;
				CLANG_WARN_RANGE_LOOP_ANALYSIS = YES;
				CLANG_WARN_STRICT_PROTOTYPES = YES;
				CLANG_WARN_SUSPICIOUS_MOVE = YES;
				CLANG_WARN_UNGUARDED_AVAILABILITY = YES_AGGRESSIVE;
				CLANG_WARN_UNREACHABLE_CODE = YES;
				CLANG_WARN__DUPLICATE_METHOD_MATCH = YES;
				COPY_PHASE_STRIP = NO;
				CURRENT_PROJECT_VERSION = 1;
				DEBUG_INFORMATION_FORMAT = dwarf;
				ENABLE_STRICT_OBJC_MSGSEND = YES;
				ENABLE_TESTABILITY = YES;
				GCC_C_LANGUAGE_STANDARD = gnu11;
				GCC_DYNAMIC_NO_PIC = NO;
				GCC_NO_COMMON_BLOCKS = YES;
				GCC_OPTIMIZATION_LEVEL = 0;
				GCC_PREPROCESSOR_DEFINITIONS = (
					"DEBUG=1",
					"$(inherited)",
				);
				GCC_WARN_64_TO_32_BIT_CONVERSION = YES;
				GCC_WARN_ABOUT_RETURN_TYPE = YES_ERROR;
				GCC_WARN_UNDECLARED_SELECTOR = YES;
				GCC_WARN_UNINITIALIZED_AUTOS = YES_AGGRESSIVE;
				GCC_WARN_UNUSED_FUNCTION = YES;
				GCC_WARN_UNUSED_VARIABLE = YES;
				IPHONEOS_DEPLOYMENT_TARGET = 15.5;
				MTL_ENABLE_DEBUG_INFO = INCLUDE_SOURCE;
				MTL_FAST_MATH = YES;
				ONLY_ACTIVE_ARCH = YES;
				SDKROOT = iphoneos;
				SWIFT_ACTIVE_COMPILATION_CONDITIONS = DEBUG;
				SWIFT_OPTIMIZATION_LEVEL = "-Onone";
				VERSIONING_SYSTEM = "apple-generic";
				VERSION_INFO_PREFIX = "";
			};
			name = Debug;
		};
		0B97BE9D28CFCE2300106C58 /* Release */ = {
			isa = XCBuildConfiguration;
			buildSettings = {
				ALWAYS_SEARCH_USER_PATHS = NO;
				CLANG_ANALYZER_NONNULL = YES;
				CLANG_ANALYZER_NUMBER_OBJECT_CONVERSION = YES_AGGRESSIVE;
				CLANG_CXX_LANGUAGE_STANDARD = "gnu++17";
				CLANG_ENABLE_MODULES = YES;
				CLANG_ENABLE_OBJC_ARC = YES;
				CLANG_ENABLE_OBJC_WEAK = YES;
				CLANG_WARN_BLOCK_CAPTURE_AUTORELEASING = YES;
				CLANG_WARN_BOOL_CONVERSION = YES;
				CLANG_WARN_COMMA = YES;
				CLANG_WARN_CONSTANT_CONVERSION = YES;
				CLANG_WARN_DEPRECATED_OBJC_IMPLEMENTATIONS = YES;
				CLANG_WARN_DIRECT_OBJC_ISA_USAGE = YES_ERROR;
				CLANG_WARN_DOCUMENTATION_COMMENTS = YES;
				CLANG_WARN_EMPTY_BODY = YES;
				CLANG_WARN_ENUM_CONVERSION = YES;
				CLANG_WARN_INFINITE_RECURSION = YES;
				CLANG_WARN_INT_CONVERSION = YES;
				CLANG_WARN_NON_LITERAL_NULL_CONVERSION = YES;
				CLANG_WARN_OBJC_IMPLICIT_RETAIN_SELF = YES;
				CLANG_WARN_OBJC_LITERAL_CONVERSION = YES;
				CLANG_WARN_OBJC_ROOT_CLASS = YES_ERROR;
				CLANG_WARN_QUOTED_INCLUDE_IN_FRAMEWORK_HEADER = YES;
				CLANG_WARN_RANGE_LOOP_ANALYSIS = YES;
				CLANG_WARN_STRICT_PROTOTYPES = YES;
				CLANG_WARN_SUSPICIOUS_MOVE = YES;
				CLANG_WARN_UNGUARDED_AVAILABILITY = YES_AGGRESSIVE;
				CLANG_WARN_UNREACHABLE_CODE = YES;
				CLANG_WARN__DUPLICATE_METHOD_MATCH = YES;
				COPY_PHASE_STRIP = NO;
				CURRENT_PROJECT_VERSION = 1;
				DEBUG_INFORMATION_FORMAT = "dwarf-with-dsym";
				ENABLE_NS_ASSERTIONS = NO;
				ENABLE_STRICT_OBJC_MSGSEND = YES;
				GCC_C_LANGUAGE_STANDARD = gnu11;
				GCC_NO_COMMON_BLOCKS = YES;
				GCC_WARN_64_TO_32_BIT_CONVERSION = YES;
				GCC_WARN_ABOUT_RETURN_TYPE = YES_ERROR;
				GCC_WARN_UNDECLARED_SELECTOR = YES;
				GCC_WARN_UNINITIALIZED_AUTOS = YES_AGGRESSIVE;
				GCC_WARN_UNUSED_FUNCTION = YES;
				GCC_WARN_UNUSED_VARIABLE = YES;
				IPHONEOS_DEPLOYMENT_TARGET = 15.5;
				MTL_ENABLE_DEBUG_INFO = NO;
				MTL_FAST_MATH = YES;
				SDKROOT = iphoneos;
				SWIFT_COMPILATION_MODE = wholemodule;
				SWIFT_OPTIMIZATION_LEVEL = "-O";
				VALIDATE_PRODUCT = YES;
				VERSIONING_SYSTEM = "apple-generic";
				VERSION_INFO_PREFIX = "";
			};
			name = Release;
		};
		0B97BE9F28CFCE2300106C58 /* Debug */ = {
			isa = XCBuildConfiguration;
			buildSettings = {
				CODE_SIGN_STYLE = Automatic;
				CURRENT_PROJECT_VERSION = 1;
				DEFINES_MODULE = YES;
				DEVELOPMENT_TEAM = D29HA2PBMK;
				DYLIB_COMPATIBILITY_VERSION = 1;
				DYLIB_CURRENT_VERSION = 1;
				DYLIB_INSTALL_NAME_BASE = "@rpath";
				GENERATE_INFOPLIST_FILE = YES;
				INFOPLIST_KEY_NSHumanReadableCopyright = "";
				INSTALL_PATH = "$(LOCAL_LIBRARY_DIR)/Frameworks";
				LD_RUNPATH_SEARCH_PATHS = (
					"$(inherited)",
					"@executable_path/Frameworks",
					"@loader_path/Frameworks",
				);
				MARKETING_VERSION = 1.0;
				PRODUCT_BUNDLE_IDENTIFIER = com.CustomizableGenericButton;
				PRODUCT_NAME = "$(TARGET_NAME:c99extidentifier)";
				SKIP_INSTALL = YES;
				SWIFT_EMIT_LOC_STRINGS = YES;
				SWIFT_VERSION = 5.0;
				TARGETED_DEVICE_FAMILY = "1,2";
			};
			name = Debug;
		};
		0B97BEA028CFCE2300106C58 /* Release */ = {
			isa = XCBuildConfiguration;
			buildSettings = {
				CODE_SIGN_STYLE = Automatic;
				CURRENT_PROJECT_VERSION = 1;
				DEFINES_MODULE = YES;
				DEVELOPMENT_TEAM = D29HA2PBMK;
				DYLIB_COMPATIBILITY_VERSION = 1;
				DYLIB_CURRENT_VERSION = 1;
				DYLIB_INSTALL_NAME_BASE = "@rpath";
				GENERATE_INFOPLIST_FILE = YES;
				INFOPLIST_KEY_NSHumanReadableCopyright = "";
				INSTALL_PATH = "$(LOCAL_LIBRARY_DIR)/Frameworks";
				LD_RUNPATH_SEARCH_PATHS = (
					"$(inherited)",
					"@executable_path/Frameworks",
					"@loader_path/Frameworks",
				);
				MARKETING_VERSION = 1.0;
				PRODUCT_BUNDLE_IDENTIFIER = com.CustomizableGenericButton;
				PRODUCT_NAME = "$(TARGET_NAME:c99extidentifier)";
				SKIP_INSTALL = YES;
				SWIFT_EMIT_LOC_STRINGS = YES;
				SWIFT_VERSION = 5.0;
				TARGETED_DEVICE_FAMILY = "1,2";
			};
			name = Release;
		};
		0B97BEA228CFCE2300106C58 /* Debug */ = {
			isa = XCBuildConfiguration;
			buildSettings = {
				ALWAYS_EMBED_SWIFT_STANDARD_LIBRARIES = YES;
				CODE_SIGN_STYLE = Automatic;
				CURRENT_PROJECT_VERSION = 1;
				DEVELOPMENT_TEAM = D29HA2PBMK;
				GENERATE_INFOPLIST_FILE = YES;
				MARKETING_VERSION = 1.0;
				PRODUCT_BUNDLE_IDENTIFIER = com.CustomizableGenericButtonTests;
				PRODUCT_NAME = "$(TARGET_NAME)";
				SWIFT_EMIT_LOC_STRINGS = NO;
				SWIFT_VERSION = 5.0;
				TARGETED_DEVICE_FAMILY = "1,2";
			};
			name = Debug;
		};
		0B97BEA328CFCE2300106C58 /* Release */ = {
			isa = XCBuildConfiguration;
			buildSettings = {
				ALWAYS_EMBED_SWIFT_STANDARD_LIBRARIES = YES;
				CODE_SIGN_STYLE = Automatic;
				CURRENT_PROJECT_VERSION = 1;
				DEVELOPMENT_TEAM = D29HA2PBMK;
				GENERATE_INFOPLIST_FILE = YES;
				MARKETING_VERSION = 1.0;
				PRODUCT_BUNDLE_IDENTIFIER = com.CustomizableGenericButtonTests;
				PRODUCT_NAME = "$(TARGET_NAME)";
				SWIFT_EMIT_LOC_STRINGS = NO;
				SWIFT_VERSION = 5.0;
				TARGETED_DEVICE_FAMILY = "1,2";
			};
			name = Release;
		};
		0B97BEB628CFCF4700106C58 /* Debug */ = {
			isa = XCBuildConfiguration;
			buildSettings = {
				CODE_SIGN_STYLE = Automatic;
				CURRENT_PROJECT_VERSION = 1;
				DEVELOPMENT_TEAM = D29HA2PBMK;
				GENERATE_INFOPLIST_FILE = YES;
				INFOPLIST_FILE = CustomizableGenericButtonExample/Info.plist;
				INFOPLIST_KEY_CFBundleDisplayName = CustomizableGenericButtonExample;
				INFOPLIST_KEY_NSHumanReadableCopyright = "";
				LD_RUNPATH_SEARCH_PATHS = (
					"$(inherited)",
					"@executable_path/Frameworks",
					"@executable_path/../../Frameworks",
				);
				MARKETING_VERSION = 1.0;
				PRODUCT_BUNDLE_IDENTIFIER = com.CustomizableGenericButtonExample;
				PRODUCT_NAME = "$(TARGET_NAME)";
				SKIP_INSTALL = YES;
				SWIFT_EMIT_LOC_STRINGS = YES;
				SWIFT_VERSION = 5.0;
				TARGETED_DEVICE_FAMILY = "1,2";
			};
			name = Debug;
		};
		0B97BEB728CFCF4700106C58 /* Release */ = {
			isa = XCBuildConfiguration;
			buildSettings = {
				CODE_SIGN_STYLE = Automatic;
				CURRENT_PROJECT_VERSION = 1;
				DEVELOPMENT_TEAM = D29HA2PBMK;
				GENERATE_INFOPLIST_FILE = YES;
				INFOPLIST_FILE = CustomizableGenericButtonExample/Info.plist;
				INFOPLIST_KEY_CFBundleDisplayName = CustomizableGenericButtonExample;
				INFOPLIST_KEY_NSHumanReadableCopyright = "";
				LD_RUNPATH_SEARCH_PATHS = (
					"$(inherited)",
					"@executable_path/Frameworks",
					"@executable_path/../../Frameworks",
				);
				MARKETING_VERSION = 1.0;
				PRODUCT_BUNDLE_IDENTIFIER = com.CustomizableGenericButtonExample;
				PRODUCT_NAME = "$(TARGET_NAME)";
				SKIP_INSTALL = YES;
				SWIFT_EMIT_LOC_STRINGS = YES;
				SWIFT_VERSION = 5.0;
				TARGETED_DEVICE_FAMILY = "1,2";
			};
			name = Release;
		};
/* End XCBuildConfiguration section */

/* Begin XCConfigurationList section */
		0B97BE8428CFCE2300106C58 /* Build configuration list for PBXProject "CustomizableGenericButton" */ = {
			isa = XCConfigurationList;
			buildConfigurations = (
				0B97BE9C28CFCE2300106C58 /* Debug */,
				0B97BE9D28CFCE2300106C58 /* Release */,
			);
			defaultConfigurationIsVisible = 0;
			defaultConfigurationName = Release;
		};
		0B97BE9E28CFCE2300106C58 /* Build configuration list for PBXNativeTarget "CustomizableGenericButton" */ = {
			isa = XCConfigurationList;
			buildConfigurations = (
				0B97BE9F28CFCE2300106C58 /* Debug */,
				0B97BEA028CFCE2300106C58 /* Release */,
			);
			defaultConfigurationIsVisible = 0;
			defaultConfigurationName = Release;
		};
		0B97BEA128CFCE2300106C58 /* Build configuration list for PBXNativeTarget "CustomizableGenericButtonTests" */ = {
			isa = XCConfigurationList;
			buildConfigurations = (
				0B97BEA228CFCE2300106C58 /* Debug */,
				0B97BEA328CFCE2300106C58 /* Release */,
			);
			defaultConfigurationIsVisible = 0;
			defaultConfigurationName = Release;
		};
		0B97BEB528CFCF4700106C58 /* Build configuration list for PBXNativeTarget "CustomizableGenericButtonExample" */ = {
			isa = XCConfigurationList;
			buildConfigurations = (
				0B97BEB628CFCF4700106C58 /* Debug */,
				0B97BEB728CFCF4700106C58 /* Release */,
			);
			defaultConfigurationIsVisible = 0;
			defaultConfigurationName = Release;
		};
/* End XCConfigurationList section */
	};
	rootObject = 0B97BE8128CFCE2300106C58 /* Project object */;
}
